// !$*UTF8*$!
{
	archiveVersion = 1;
	classes = {
	};
	objectVersion = 77;
	objects = {

/* Begin PBXContainerItemProxy section */
		A4EEA2AB2E01919100AEE850 /* PBXContainerItemProxy */ = {
			isa = PBXContainerItemProxy;
			containerPortal = A4EEA2932E01918E00AEE850 /* Project object */;
			proxyType = 1;
			remoteGlobalIDString = A4EEA29A2E01918E00AEE850;
			remoteInfo = videoeditor;
		};
		A4EEA2B52E01919100AEE850 /* PBXContainerItemProxy */ = {
			isa = PBXContainerItemProxy;
			containerPortal = A4EEA2932E01918E00AEE850 /* Project object */;
			proxyType = 1;
			remoteGlobalIDString = A4EEA29A2E01918E00AEE850;
			remoteInfo = videoeditor;
		};
/* End PBXContainerItemProxy section */

/* Begin PBXFileReference section */
		A4EEA29B2E01918E00AEE850 /* videoeditor.app */ = {isa = PBXFileReference; explicitFileType = wrapper.application; includeInIndex = 0; path = videoeditor.app; sourceTree = BUILT_PRODUCTS_DIR; };
		A4EEA2AA2E01919100AEE850 /* videoeditorTests.xctest */ = {isa = PBXFileReference; explicitFileType = wrapper.cfbundle; includeInIndex = 0; path = videoeditorTests.xctest; sourceTree = BUILT_PRODUCTS_DIR; };
		A4EEA2B42E01919100AEE850 /* videoeditorUITests.xctest */ = {isa = PBXFileReference; explicitFileType = wrapper.cfbundle; includeInIndex = 0; path = videoeditorUITests.xctest; sourceTree = BUILT_PRODUCTS_DIR; };
/* End PBXFileReference section */

/* Begin PBXFileSystemSynchronizedBuildFileExceptionSet section */
		A4EEA2D72E01967B00AEE850 /* Exceptions for "videoeditor" folder in "videoeditor" target */ = {
			isa = PBXFileSystemSynchronizedBuildFileExceptionSet;
			membershipExceptions = (
				Info.plist,
			);
			target = A4EEA29A2E01918E00AEE850 /* videoeditor */;
		};
/* End PBXFileSystemSynchronizedBuildFileExceptionSet section */

/* Begin PBXFileSystemSynchronizedRootGroup section */
		A4EEA29D2E01918E00AEE850 /* videoeditor */ = {
			isa = PBXFileSystemSynchronizedRootGroup;
			exceptions = (
				A4EEA2D72E01967B00AEE850 /* Exceptions for "videoeditor" folder in "videoeditor" target */,
			);
			path = videoeditor;
			sourceTree = "<group>";
		};
		A4EEA2AD2E01919100AEE850 /* videoeditorTests */ = {
			isa = PBXFileSystemSynchronizedRootGroup;
			path = videoeditorTests;
			sourceTree = "<group>";
		};
		A4EEA2B72E01919100AEE850 /* videoeditorUITests */ = {
			isa = PBXFileSystemSynchronizedRootGroup;
			path = videoeditorUITests;
			sourceTree = "<group>";
		};
/* End PBXFileSystemSynchronizedRootGroup section */

/* Begin PBXFrameworksBuildPhase section */
		A4EEA2982E01918E00AEE850 /* Frameworks */ = {
			isa = PBXFrameworksBuildPhase;
			buildActionMask = 2147483647;
			files = (
			);
			runOnlyForDeploymentPostprocessing = 0;
		};
		A4EEA2A72E01919100AEE850 /* Frameworks */ = {
			isa = PBXFrameworksBuildPhase;
			buildActionMask = 2147483647;
			files = (
			);
			runOnlyForDeploymentPostprocessing = 0;
		};
		A4EEA2B12E01919100AEE850 /* Frameworks */ = {
			isa = PBXFrameworksBuildPhase;
			buildActionMask = 2147483647;
			files = (
			);
			runOnlyForDeploymentPostprocessing = 0;
		};
/* End PBXFrameworksBuildPhase section */

/* Begin PBXGroup section */
		A4EEA2922E01918E00AEE850 = {
			isa = PBXGroup;
			children = (
				A4EEA29D2E01918E00AEE850 /* videoeditor */,
				A4EEA2AD2E01919100AEE850 /* videoeditorTests */,
				A4EEA2B72E01919100AEE850 /* videoeditorUITests */,
				A4EEA29C2E01918E00AEE850 /* Products */,
			);
			sourceTree = "<group>";
		};
		A4EEA29C2E01918E00AEE850 /* Products */ = {
			isa = PBXGroup;
			children = (
				A4EEA29B2E01918E00AEE850 /* videoeditor.app */,
				A4EEA2AA2E01919100AEE850 /* videoeditorTests.xctest */,
				A4EEA2B42E01919100AEE850 /* videoeditorUITests.xctest */,
			);
			name = Products;
			sourceTree = "<group>";
		};
/* End PBXGroup section */

/* Begin PBXNativeTarget section */
		A4EEA29A2E01918E00AEE850 /* videoeditor */ = {
			isa = PBXNativeTarget;
			buildConfigurationList = A4EEA2BE2E01919100AEE850 /* Build configuration list for PBXNativeTarget "videoeditor" */;
			buildPhases = (
				A4EEA2972E01918E00AEE850 /* Sources */,
				A4EEA2982E01918E00AEE850 /* Frameworks */,
				A4EEA2992E01918E00AEE850 /* Resources */,
			);
			buildRules = (
			);
			dependencies = (
			);
			fileSystemSynchronizedGroups = (
				A4EEA29D2E01918E00AEE850 /* videoeditor */,
			);
			name = videoeditor;
			packageProductDependencies = (
			);
			productName = videoeditor;
			productReference = A4EEA29B2E01918E00AEE850 /* videoeditor.app */;
			productType = "com.apple.product-type.application";
		};
		A4EEA2A92E01919100AEE850 /* videoeditorTests */ = {
			isa = PBXNativeTarget;
			buildConfigurationList = A4EEA2C12E01919100AEE850 /* Build configuration list for PBXNativeTarget "videoeditorTests" */;
			buildPhases = (
				A4EEA2A62E01919100AEE850 /* Sources */,
				A4EEA2A72E01919100AEE850 /* Frameworks */,
				A4EEA2A82E01919100AEE850 /* Resources */,
			);
			buildRules = (
			);
			dependencies = (
				A4EEA2AC2E01919100AEE850 /* PBXTargetDependency */,
			);
			fileSystemSynchronizedGroups = (
				A4EEA2AD2E01919100AEE850 /* videoeditorTests */,
			);
			name = videoeditorTests;
			packageProductDependencies = (
			);
			productName = videoeditorTests;
			productReference = A4EEA2AA2E01919100AEE850 /* videoeditorTests.xctest */;
			productType = "com.apple.product-type.bundle.unit-test";
		};
		A4EEA2B32E01919100AEE850 /* videoeditorUITests */ = {
			isa = PBXNativeTarget;
			buildConfigurationList = A4EEA2C42E01919100AEE850 /* Build configuration list for PBXNativeTarget "videoeditorUITests" */;
			buildPhases = (
				A4EEA2B02E01919100AEE850 /* Sources */,
				A4EEA2B12E01919100AEE850 /* Frameworks */,
				A4EEA2B22E01919100AEE850 /* Resources */,
			);
			buildRules = (
			);
			dependencies = (
				A4EEA2B62E01919100AEE850 /* PBXTargetDependency */,
			);
			fileSystemSynchronizedGroups = (
				A4EEA2B72E01919100AEE850 /* videoeditorUITests */,
			);
			name = videoeditorUITests;
			packageProductDependencies = (
			);
			productName = videoeditorUITests;
			productReference = A4EEA2B42E01919100AEE850 /* videoeditorUITests.xctest */;
			productType = "com.apple.product-type.bundle.ui-testing";
		};
/* End PBXNativeTarget section */

/* Begin PBXProject section */
		A4EEA2932E01918E00AEE850 /* Project object */ = {
			isa = PBXProject;
			attributes = {
				BuildIndependentTargetsInParallel = 1;
				LastSwiftUpdateCheck = 1630;
				LastUpgradeCheck = 1630;
				TargetAttributes = {
					A4EEA29A2E01918E00AEE850 = {
						CreatedOnToolsVersion = 16.3;
					};
					A4EEA2A92E01919100AEE850 = {
						CreatedOnToolsVersion = 16.3;
						TestTargetID = A4EEA29A2E01918E00AEE850;
					};
					A4EEA2B32E01919100AEE850 = {
						CreatedOnToolsVersion = 16.3;
						TestTargetID = A4EEA29A2E01918E00AEE850;
					};
				};
			};
			buildConfigurationList = A4EEA2962E01918E00AEE850 /* Build configuration list for PBXProject "videoeditor" */;
			developmentRegion = en;
			hasScannedForEncodings = 0;
			knownRegions = (
				en,
				Base,
			);
			mainGroup = A4EEA2922E01918E00AEE850;
			minimizedProjectReferenceProxies = 1;
			preferredProjectObjectVersion = 77;
			productRefGroup = A4EEA29C2E01918E00AEE850 /* Products */;
			projectDirPath = "";
			projectRoot = "";
			targets = (
				A4EEA29A2E01918E00AEE850 /* videoeditor */,
				A4EEA2A92E01919100AEE850 /* videoeditorTests */,
				A4EEA2B32E01919100AEE850 /* videoeditorUITests */,
			);
		};
/* End PBXProject section */

/* Begin PBXResourcesBuildPhase section */
		A4EEA2992E01918E00AEE850 /* Resources */ = {
			isa = PBXResourcesBuildPhase;
			buildActionMask = 2147483647;
			files = (
			);
			runOnlyForDeploymentPostprocessing = 0;
		};
		A4EEA2A82E01919100AEE850 /* Resources */ = {
			isa = PBXResourcesBuildPhase;
			buildActionMask = 2147483647;
			files = (
			);
			runOnlyForDeploymentPostprocessing = 0;
		};
		A4EEA2B22E01919100AEE850 /* Resources */ = {
			isa = PBXResourcesBuildPhase;
			buildActionMask = 2147483647;
			files = (
			);
			runOnlyForDeploymentPostprocessing = 0;
		};
/* End PBXResourcesBuildPhase section */

/* Begin PBXSourcesBuildPhase section */
		A4EEA2972E01918E00AEE850 /* Sources */ = {
			isa = PBXSourcesBuildPhase;
			buildActionMask = 2147483647;
			files = (
			);
			runOnlyForDeploymentPostprocessing = 0;
		};
		A4EEA2A62E01919100AEE850 /* Sources */ = {
			isa = PBXSourcesBuildPhase;
			buildActionMask = 2147483647;
			files = (
			);
			runOnlyForDeploymentPostprocessing = 0;
		};
		A4EEA2B02E01919100AEE850 /* Sources */ = {
			isa = PBXSourcesBuildPhase;
			buildActionMask = 2147483647;
			files = (
			);
			runOnlyForDeploymentPostprocessing = 0;
		};
/* End PBXSourcesBuildPhase section */

/* Begin PBXTargetDependency section */
		A4EEA2AC2E01919100AEE850 /* PBXTargetDependency */ = {
			isa = PBXTargetDependency;
			target = A4EEA29A2E01918E00AEE850 /* videoeditor */;
			targetProxy = A4EEA2AB2E01919100AEE850 /* PBXContainerItemProxy */;
		};
		A4EEA2B62E01919100AEE850 /* PBXTargetDependency */ = {
			isa = PBXTargetDependency;
			target = A4EEA29A2E01918E00AEE850 /* videoeditor */;
			targetProxy = A4EEA2B52E01919100AEE850 /* PBXContainerItemProxy */;
		};
/* End PBXTargetDependency section */

/* Begin XCBuildConfiguration section */
		A4EEA2BC2E01919100AEE850 /* Debug */ = {
			isa = XCBuildConfiguration;
			buildSettings = {
				ALWAYS_SEARCH_USER_PATHS = NO;
				ASSETCATALOG_COMPILER_GENERATE_SWIFT_ASSET_SYMBOL_EXTENSIONS = YES;
				CLANG_ANALYZER_NONNULL = YES;
				CLANG_ANALYZER_NUMBER_OBJECT_CONVERSION = YES_AGGRESSIVE;
				CLANG_CXX_LANGUAGE_STANDARD = "gnu++20";
				CLANG_ENABLE_MODULES = YES;
				CLANG_ENABLE_OBJC_ARC = YES;
				CLANG_ENABLE_OBJC_WEAK = YES;
				CLANG_WARN_BLOCK_CAPTURE_AUTORELEASING = YES;
				CLANG_WARN_BOOL_CONVERSION = YES;
				CLANG_WARN_COMMA = YES;
				CLANG_WARN_CONSTANT_CONVERSION = YES;
				CLANG_WARN_DEPRECATED_OBJC_IMPLEMENTATIONS = YES;
				CLANG_WARN_DIRECT_OBJC_ISA_USAGE = YES_ERROR;
				CLANG_WARN_DOCUMENTATION_COMMENTS = YES;
				CLANG_WARN_EMPTY_BODY = YES;
				CLANG_WARN_ENUM_CONVERSION = YES;
				CLANG_WARN_INFINITE_RECURSION = YES;
				CLANG_WARN_INT_CONVERSION = YES;
				CLANG_WARN_NON_LITERAL_NULL_CONVERSION = YES;
				CLANG_WARN_OBJC_IMPLICIT_RETAIN_SELF = YES;
				CLANG_WARN_OBJC_LITERAL_CONVERSION = YES;
				CLANG_WARN_OBJC_ROOT_CLASS = YES_ERROR;
				CLANG_WARN_QUOTED_INCLUDE_IN_FRAMEWORK_HEADER = YES;
				CLANG_WARN_RANGE_LOOP_ANALYSIS = YES;
				CLANG_WARN_STRICT_PROTOTYPES = YES;
				CLANG_WARN_SUSPICIOUS_MOVE = YES;
				CLANG_WARN_UNGUARDED_AVAILABILITY = YES_AGGRESSIVE;
				CLANG_WARN_UNREACHABLE_CODE = YES;
				CLANG_WARN__DUPLICATE_METHOD_MATCH = YES;
				COPY_PHASE_STRIP = NO;
				DEBUG_INFORMATION_FORMAT = dwarf;
				DEVELOPMENT_TEAM = CYL68JMKHB;
				ENABLE_STRICT_OBJC_MSGSEND = YES;
				ENABLE_TESTABILITY = YES;
				ENABLE_USER_SCRIPT_SANDBOXING = YES;
				GCC_C_LANGUAGE_STANDARD = gnu17;
				GCC_DYNAMIC_NO_PIC = NO;
				GCC_NO_COMMON_BLOCKS = YES;
				GCC_OPTIMIZATION_LEVEL = 0;
				GCC_PREPROCESSOR_DEFINITIONS = (
					"DEBUG=1",
					"$(inherited)",
				);
				GCC_WARN_64_TO_32_BIT_CONVERSION = YES;
				GCC_WARN_ABOUT_RETURN_TYPE = YES_ERROR;
				GCC_WARN_UNDECLARED_SELECTOR = YES;
				GCC_WARN_UNINITIALIZED_AUTOS = YES_AGGRESSIVE;
				GCC_WARN_UNUSED_FUNCTION = YES;
				GCC_WARN_UNUSED_VARIABLE = YES;
				IPHONEOS_DEPLOYMENT_TARGET = 18.4;
				LOCALIZATION_PREFERS_STRING_CATALOGS = YES;
				MTL_ENABLE_DEBUG_INFO = INCLUDE_SOURCE;
				MTL_FAST_MATH = YES;
				ONLY_ACTIVE_ARCH = YES;
				SDKROOT = iphoneos;
				SWIFT_ACTIVE_COMPILATION_CONDITIONS = "DEBUG $(inherited)";
				SWIFT_EMIT_LOC_STRINGS = YES;
				SWIFT_OPTIMIZATION_LEVEL = "-Onone";
			};
			name = Debug;
		};
		A4EEA2BD2E01919100AEE850 /* Release */ = {
			isa = XCBuildConfiguration;
			buildSettings = {
				ALWAYS_SEARCH_USER_PATHS = NO;
				ASSETCATALOG_COMPILER_GENERATE_SWIFT_ASSET_SYMBOL_EXTENSIONS = YES;
				CLANG_ANALYZER_NONNULL = YES;
				CLANG_ANALYZER_NUMBER_OBJECT_CONVERSION = YES_AGGRESSIVE;
				CLANG_CXX_LANGUAGE_STANDARD = "gnu++20";
				CLANG_ENABLE_MODULES = YES;
				CLANG_ENABLE_OBJC_ARC = YES;
				CLANG_ENABLE_OBJC_WEAK = YES;
				CLANG_WARN_BLOCK_CAPTURE_AUTORELEASING = YES;
				CLANG_WARN_BOOL_CONVERSION = YES;
				CLANG_WARN_COMMA = YES;
				CLANG_WARN_CONSTANT_CONVERSION = YES;
				CLANG_WARN_DEPRECATED_OBJC_IMPLEMENTATIONS = YES;
				CLANG_WARN_DIRECT_OBJC_ISA_USAGE = YES_ERROR;
				CLANG_WARN_DOCUMENTATION_COMMENTS = YES;
				CLANG_WARN_EMPTY_BODY = YES;
				CLANG_WARN_ENUM_CONVERSION = YES;
				CLANG_WARN_INFINITE_RECURSION = YES;
				CLANG_WARN_INT_CONVERSION = YES;
				CLANG_WARN_NON_LITERAL_NULL_CONVERSION = YES;
				CLANG_WARN_OBJC_IMPLICIT_RETAIN_SELF = YES;
				CLANG_WARN_OBJC_LITERAL_CONVERSION = YES;
				CLANG_WARN_OBJC_ROOT_CLASS = YES_ERROR;
				CLANG_WARN_QUOTED_INCLUDE_IN_FRAMEWORK_HEADER = YES;
				CLANG_WARN_RANGE_LOOP_ANALYSIS = YES;
				CLANG_WARN_STRICT_PROTOTYPES = YES;
				CLANG_WARN_SUSPICIOUS_MOVE = YES;
				CLANG_WARN_UNGUARDED_AVAILABILITY = YES_AGGRESSIVE;
				CLANG_WARN_UNREACHABLE_CODE = YES;
				CLANG_WARN__DUPLICATE_METHOD_MATCH = YES;
				COPY_PHASE_STRIP = NO;
				DEBUG_INFORMATION_FORMAT = "dwarf-with-dsym";
				DEVELOPMENT_TEAM = CYL68JMKHB;
				ENABLE_NS_ASSERTIONS = NO;
				ENABLE_STRICT_OBJC_MSGSEND = YES;
				ENABLE_USER_SCRIPT_SANDBOXING = YES;
				GCC_C_LANGUAGE_STANDARD = gnu17;
				GCC_NO_COMMON_BLOCKS = YES;
				GCC_WARN_64_TO_32_BIT_CONVERSION = YES;
				GCC_WARN_ABOUT_RETURN_TYPE = YES_ERROR;
				GCC_WARN_UNDECLARED_SELECTOR = YES;
				GCC_WARN_UNINITIALIZED_AUTOS = YES_AGGRESSIVE;
				GCC_WARN_UNUSED_FUNCTION = YES;
				GCC_WARN_UNUSED_VARIABLE = YES;
				IPHONEOS_DEPLOYMENT_TARGET = 18.4;
				LOCALIZATION_PREFERS_STRING_CATALOGS = YES;
				MTL_ENABLE_DEBUG_INFO = NO;
				MTL_FAST_MATH = YES;
				SDKROOT = iphoneos;
				SWIFT_COMPILATION_MODE = wholemodule;
				SWIFT_EMIT_LOC_STRINGS = YES;
				VALIDATE_PRODUCT = YES;
			};
			name = Release;
		};
		A4EEA2BF2E01919100AEE850 /* Debug */ = {
			isa = XCBuildConfiguration;
			buildSettings = {
				ASSETCATALOG_COMPILER_APPICON_NAME = AppIcon;
				ASSETCATALOG_COMPILER_GLOBAL_ACCENT_COLOR_NAME = AccentColor;
				CODE_SIGN_STYLE = Automatic;
				CURRENT_PROJECT_VERSION = 1;
				DEVELOPMENT_TEAM = CYL68JMKHB;
				ENABLE_PREVIEWS = YES;
				GENERATE_INFOPLIST_FILE = YES;
				INFOPLIST_KEY_LSApplicationCategoryType = "public.app-category.trivia-games";
				INFOPLIST_KEY_NSCameraUsageDescription = "This app needs access to your camera to import and edit videos.";
				INFOPLIST_KEY_NSLocationWhenInUseUsageDescription = "We need your location to provide you with relevant information.";
				INFOPLIST_KEY_NSPhotoLibraryAddUsageDescription = "This app needs permission to save edited videos to your photo library.";
				INFOPLIST_KEY_NSPhotoLibraryUsageDescription = "This app needs access to your photo library to import ";
				INFOPLIST_KEY_UIApplicationSceneManifest_Generation = YES;
				INFOPLIST_KEY_UIApplicationSupportsIndirectInputEvents = YES;
				INFOPLIST_KEY_UILaunchScreen_Generation = YES;
				INFOPLIST_KEY_UISupportedInterfaceOrientations_iPad = "UIInterfaceOrientationPortrait UIInterfaceOrientationPortraitUpsideDown UIInterfaceOrientationLandscapeLeft UIInterfaceOrientationLandscapeRight";
				INFOPLIST_KEY_UISupportedInterfaceOrientations_iPhone = "UIInterfaceOrientationPortrait UIInterfaceOrientationLandscapeLeft UIInterfaceOrientationLandscapeRight";
				LD_RUNPATH_SEARCH_PATHS = (
					"$(inherited)",
					"@executable_path/Frameworks",
				);
				MARKETING_VERSION = 1.0;
				PRODUCT_BUNDLE_IDENTIFIER = com.anthonyho.videoeditor;
				PRODUCT_NAME = "$(TARGET_NAME)";
				SWIFT_EMIT_LOC_STRINGS = YES;
				SWIFT_VERSION = 5.0;
				TARGETED_DEVICE_FAMILY = "1,2";
			};
			name = Debug;
		};
		A4EEA2C02E01919100AEE850 /* Release */ = {
			isa = XCBuildConfiguration;
			buildSettings = {
				ASSETCATALOG_COMPILER_APPICON_NAME = AppIcon;
				ASSETCATALOG_COMPILER_GLOBAL_ACCENT_COLOR_NAME = AccentColor;
				CODE_SIGN_STYLE = Automatic;
				CURRENT_PROJECT_VERSION = 1;
				DEVELOPMENT_TEAM = CYL68JMKHB;
				ENABLE_PREVIEWS = YES;
				GENERATE_INFOPLIST_FILE = YES;
				INFOPLIST_KEY_LSApplicationCategoryType = "public.app-category.trivia-games";
				INFOPLIST_KEY_NSCameraUsageDescription = "This app needs access to your camera to import and edit videos.";
				INFOPLIST_KEY_NSLocationWhenInUseUsageDescription = "We need your location to provide you with relevant information.";
				INFOPLIST_KEY_NSPhotoLibraryAddUsageDescription = "This app needs permission to save edited videos to your photo library.";
				INFOPLIST_KEY_NSPhotoLibraryUsageDescription = "This app needs access to your photo library to import ";
				INFOPLIST_KEY_UIApplicationSceneManifest_Generation = YES;
				INFOPLIST_KEY_UIApplicationSupportsIndirectInputEvents = YES;
				INFOPLIST_KEY_UILaunchScreen_Generation = YES;
				INFOPLIST_KEY_UISupportedInterfaceOrientations_iPad = "UIInterfaceOrientationPortrait UIInterfaceOrientationPortraitUpsideDown UIInterfaceOrientationLandscapeLeft UIInterfaceOrientationLandscapeRight";
				INFOPLIST_KEY_UISupportedInterfaceOrientations_iPhone = "UIInterfaceOrientationPortrait UIInterfaceOrientationLandscapeLeft UIInterfaceOrientationLandscapeRight";
				LD_RUNPATH_SEARCH_PATHS = (
					"$(inherited)",
					"@executable_path/Frameworks",
				);
				MARKETING_VERSION = 1.0;
				PRODUCT_BUNDLE_IDENTIFIER = com.anthonyho.videoeditor;
				PRODUCT_NAME = "$(TARGET_NAME)";
				SWIFT_EMIT_LOC_STRINGS = YES;
				SWIFT_VERSION = 5.0;
				TARGETED_DEVICE_FAMILY = "1,2";
			};
			name = Release;
		};
		A4EEA2C22E01919100AEE850 /* Debug */ = {
			isa = XCBuildConfiguration;
			buildSettings = {
				BUNDLE_LOADER = "$(TEST_HOST)";
				CODE_SIGN_STYLE = Automatic;
				CURRENT_PROJECT_VERSION = 1;
				DEVELOPMENT_TEAM = CYL68JMKHB;
				GENERATE_INFOPLIST_FILE = YES;
				IPHONEOS_DEPLOYMENT_TARGET = 18.4;
				MARKETING_VERSION = 1.0;
				PRODUCT_BUNDLE_IDENTIFIER = com.anthonyho.videoeditor.videoeditorTests;
				PRODUCT_NAME = "$(TARGET_NAME)";
				SWIFT_EMIT_LOC_STRINGS = NO;
				SWIFT_VERSION = 5.0;
				TARGETED_DEVICE_FAMILY = "1,2";
				TEST_HOST = "$(BUILT_PRODUCTS_DIR)/videoeditor.app/$(BUNDLE_EXECUTABLE_FOLDER_PATH)/videoeditor";
			};
			name = Debug;
		};
		A4EEA2C32E01919100AEE850 /* Release */ = {
			isa = XCBuildConfiguration;
			buildSettings = {
				BUNDLE_LOADER = "$(TEST_HOST)";
				CODE_SIGN_STYLE = Automatic;
				CURRENT_PROJECT_VERSION = 1;
				DEVELOPMENT_TEAM = CYL68JMKHB;
				GENERATE_INFOPLIST_FILE = YES;
				IPHONEOS_DEPLOYMENT_TARGET = 18.4;
				MARKETING_VERSION = 1.0;
				PRODUCT_BUNDLE_IDENTIFIER = com.anthonyho.videoeditor.videoeditorTests;
				PRODUCT_NAME = "$(TARGET_NAME)";
				SWIFT_EMIT_LOC_STRINGS = NO;
				SWIFT_VERSION = 5.0;
				TARGETED_DEVICE_FAMILY = "1,2";
				TEST_HOST = "$(BUILT_PRODUCTS_DIR)/videoeditor.app/$(BUNDLE_EXECUTABLE_FOLDER_PATH)/videoeditor";
			};
			name = Release;
		};
		A4EEA2C52E01919100AEE850 /* Debug */ = {
			isa = XCBuildConfiguration;
			buildSettings = {
				CODE_SIGN_STYLE = Automatic;
				CURRENT_PROJECT_VERSION = 1;
				DEVELOPMENT_TEAM = CYL68JMKHB;
				GENERATE_INFOPLIST_FILE = YES;
				MARKETING_VERSION = 1.0;
				PRODUCT_BUNDLE_IDENTIFIER = com.anthonyho.videoeditor.videoeditorUITests;
				PRODUCT_NAME = "$(TARGET_NAME)";
				SWIFT_EMIT_LOC_STRINGS = NO;
				SWIFT_VERSION = 5.0;
				TARGETED_DEVICE_FAMILY = "1,2";
				TEST_TARGET_NAME = videoeditor;
			};
			name = Debug;
		};
		A4EEA2C62E01919100AEE850 /* Release */ = {
			isa = XCBuildConfiguration;
			buildSettings = {
				CODE_SIGN_STYLE = Automatic;
				CURRENT_PROJECT_VERSION = 1;
				DEVELOPMENT_TEAM = CYL68JMKHB;
				GENERATE_INFOPLIST_FILE = YES;
				MARKETING_VERSION = 1.0;
				PRODUCT_BUNDLE_IDENTIFIER = com.anthonyho.videoeditor.videoeditorUITests;
				PRODUCT_NAME = "$(TARGET_NAME)";
				SWIFT_EMIT_LOC_STRINGS = NO;
				SWIFT_VERSION = 5.0;
				TARGETED_DEVICE_FAMILY = "1,2";
				TEST_TARGET_NAME = videoeditor;
			};
			name = Release;
		};
/* End XCBuildConfiguration section */

/* Begin XCConfigurationList section */
		A4EEA2962E01918E00AEE850 /* Build configuration list for PBXProject "videoeditor" */ = {
			isa = XCConfigurationList;
			buildConfigurations = (
				A4EEA2BC2E01919100AEE850 /* Debug */,
				A4EEA2BD2E01919100AEE850 /* Release */,
			);
			defaultConfigurationIsVisible = 0;
			defaultConfigurationName = Release;
		};
		A4EEA2BE2E01919100AEE850 /* Build configuration list for PBXNativeTarget "videoeditor" */ = {
			isa = XCConfigurationList;
			buildConfigurations = (
				A4EEA2BF2E01919100AEE850 /* Debug */,
				A4EEA2C02E01919100AEE850 /* Release */,
			);
			defaultConfigurationIsVisible = 0;
			defaultConfigurationName = Release;
		};
		A4EEA2C12E01919100AEE850 /* Build configuration list for PBXNativeTarget "videoeditorTests" */ = {
			isa = XCConfigurationList;
			buildConfigurations = (
				A4EEA2C22E01919100AEE850 /* Debug */,
				A4EEA2C32E01919100AEE850 /* Release */,
			);
			defaultConfigurationIsVisible = 0;
			defaultConfigurationName = Release;
		};
		A4EEA2C42E01919100AEE850 /* Build configuration list for PBXNativeTarget "videoeditorUITests" */ = {
			isa = XCConfigurationList;
			buildConfigurations = (
				A4EEA2C52E01919100AEE850 /* Debug */,
				A4EEA2C62E01919100AEE850 /* Release */,
			);
			defaultConfigurationIsVisible = 0;
			defaultConfigurationName = Release;
		};
/* End XCConfigurationList section */
	};
	rootObject = A4EEA2932E01918E00AEE850 /* Project object */;
}
